PODS:
  - app_settings (5.1.1):
    - Flutter
  - connectivity_plus (0.0.1):
    - Flutter
    - ReachabilitySwift
  - Flutter (1.0.0)
  - flutter_downloader (0.0.1):
    - Flutter
  - flutter_inappwebview_ios (0.0.1):
    - Flutter
    - flutter_inappwebview_ios/Core (= 0.0.1)
    - OrderedSet (~> 5.0)
  - flutter_inappwebview_ios/Core (0.0.1):
    - Flutter
    - OrderedSet (~> 5.0)
  - flutter_localization (0.0.1):
    - Flutter
  - geolocator_apple (1.2.0):
    - Flutter
  - image_picker_ios (0.0.1):
    - Flutter
  - OrderedSet (5.0.0)
  - path_provider_foundation (0.0.1):
    - Flutter
    - FlutterMacOS
  - permission_handler_apple (9.3.0):
    - Flutter
  - ReachabilitySwift (5.2.3)
  - shared_preferences_foundation (0.0.1):
    - Flutter
    - FlutterMacOS
  - smart_auth (0.0.1):
    - Flutter
  - sqflite (0.0.3):
    - Flutter
    - FlutterMacOS
  - url_launcher_ios (0.0.1):
    - Flutter

DEPENDENCIES:
  - app_settings (from `.symlinks/plugins/app_settings/ios`)
  - connectivity_plus (from `.symlinks/plugins/connectivity_plus/ios`)
  - Flutter (from `Flutter`)
  - flutter_downloader (from `.symlinks/plugins/flutter_downloader/ios`)
  - flutter_inappwebview_ios (from `.symlinks/plugins/flutter_inappwebview_ios/ios`)
  - flutter_localization (from `.symlinks/plugins/flutter_localization/ios`)
  - geolocator_apple (from `.symlinks/plugins/geolocator_apple/ios`)
  - image_picker_ios (from `.symlinks/plugins/image_picker_ios/ios`)
  - path_provider_foundation (from `.symlinks/plugins/path_provider_foundation/darwin`)
  - permission_handler_apple (from `.symlinks/plugins/permission_handler_apple/ios`)
  - shared_preferences_foundation (from `.symlinks/plugins/shared_preferences_foundation/darwin`)
  - smart_auth (from `.symlinks/plugins/smart_auth/ios`)
  - sqflite (from `.symlinks/plugins/sqflite/darwin`)
  - url_launcher_ios (from `.symlinks/plugins/url_launcher_ios/ios`)

SPEC REPOS:
  trunk:
    - OrderedSet
    - ReachabilitySwift

EXTERNAL SOURCES:
  app_settings:
    :path: ".symlinks/plugins/app_settings/ios"
  connectivity_plus:
    :path: ".symlinks/plugins/connectivity_plus/ios"
  Flutter:
    :path: Flutter
  flutter_downloader:
    :path: ".symlinks/plugins/flutter_downloader/ios"
  flutter_inappwebview_ios:
    :path: ".symlinks/plugins/flutter_inappwebview_ios/ios"
  flutter_localization:
    :path: ".symlinks/plugins/flutter_localization/ios"
  geolocator_apple:
    :path: ".symlinks/plugins/geolocator_apple/ios"
  image_picker_ios:
    :path: ".symlinks/plugins/image_picker_ios/ios"
  path_provider_foundation:
    :path: ".symlinks/plugins/path_provider_foundation/darwin"
  permission_handler_apple:
    :path: ".symlinks/plugins/permission_handler_apple/ios"
  shared_preferences_foundation:
    :path: ".symlinks/plugins/shared_preferences_foundation/darwin"
  smart_auth:
    :path: ".symlinks/plugins/smart_auth/ios"
  sqflite:
    :path: ".symlinks/plugins/sqflite/darwin"
  url_launcher_ios:
    :path: ".symlinks/plugins/url_launcher_ios/ios"

SPEC CHECKSUMS:
  app_settings: 017320c6a680cdc94c799949d95b84cb69389ebc
  connectivity_plus: bf0076dd84a130856aa636df1c71ccaff908fa1d
  Flutter: f04841e97a9d0b0a8025694d0796dd46242b2854
  flutter_downloader: b7301ae057deadd4b1650dc7c05375f10ff12c39
  flutter_inappwebview_ios: 97215cf7d4677db55df76782dbd2930c5e1c1ea0
  flutter_localization: f43b18844a2b3d2c71fd64f04ffd6b1e64dd54d4
  geolocator_apple: 6cbaf322953988e009e5ecb481f07efece75c450
  image_picker_ios: 99dfe1854b4fa34d0364e74a78448a0151025425
  OrderedSet: aaeb196f7fef5a9edf55d89760da9176ad40b93c
  path_provider_foundation: 3784922295ac71e43754bd15e0653ccfd36a147c
  permission_handler_apple: 9878588469a2b0d0fc1e048d9f43605f92e6cec2
  ReachabilitySwift: 7f151ff156cea1481a8411701195ac6a984f4979
  shared_preferences_foundation: b4c3b4cddf1c21f02770737f147a3f5da9d39695
  smart_auth: 4bedbc118723912d0e45a07e8ab34039c19e04f2
  sqflite: 673a0e54cc04b7d6dba8d24fb8095b31c3a99eec
  url_launcher_ios: bbd758c6e7f9fd7b5b1d4cde34d2b95fcce5e812

PODFILE CHECKSUM: 819463e6a0290f5a72f145ba7cde16e8b6ef0796

COCOAPODS: 1.15.2
